
Microsoft Visual Studio Solution File, Format Version 12.00
# Visual Studio Version 17
VisualStudioVersion = 17.3.32929.385
MinimumVisualStudioVersion = 10.0.40219.1
Project("{FAE04EC0-301F-11D3-BF4B-00C04F79EFBC}") = "csharp-gestore-eventi", "csharp-gestore-eventi.csproj", "{C8321FC2-2C9C-41FE-9001-F2B65D00063D}"
EndProject
Global
	GlobalSection(SolutionConfigurationPlatforms) = preSolution
		Debug|Any CPU = Debug|Any CPU
		Release|Any CPU = Release|Any CPU
	EndGlobalSection
	GlobalSection(ProjectConfigurationPlatforms) = postSolution
		{C8321FC2-2C9C-41FE-9001-F2B65D00063D}.Debug|Any CPU.ActiveCfg = Debug|Any CPU
		{C8321FC2-2C9C-41FE-9001-F2B65D00063D}.Debug|Any CPU.Build.0 = Debug|Any CPU
		{C8321FC2-2C9C-41FE-9001-F2B65D00063D}.Release|Any CPU.ActiveCfg = Release|Any CPU
		{C8321FC2-2C9C-41FE-9001-F2B65D00063D}.Release|Any CPU.Build.0 = Release|Any CPU
	EndGlobalSection
	GlobalSection(SolutionProperties) = preSolution
		HideSolutionNode = FALSE
	EndGlobalSection
	GlobalSection(ExtensibilityGlobals) = postSolution
		SolutionGuid = {A03C7CD6-EB65-43F0-9BD7-D6080706FE2D}
	EndGlobalSection
EndGlobal
